
Microsoft Visual Studio Solution File, Format Version 12.00
# Visual Studio Version 17
Project("{8BC9CEB8-8B4A-11D0-8D11-00A0C91BC942}") = "ALL_BUILD", "ALL_BUILD.vcxproj", "{15FDB089-8F5F-3AE6-98BE-EF9D442F102B}"
	ProjectSection(ProjectDependencies) = postProject
		{39F18AFA-B276-3B90-8ABA-7AF49B569C2B} = {39F18AFA-B276-3B90-8ABA-7AF49B569C2B}
		{BE5FE543-B3E6-3575-91CC-E249DC66623D} = {BE5FE543-B3E6-3575-91CC-E249DC66623D}
	EndProjectSection
EndProject
Project("{8BC9CEB8-8B4A-11D0-8D11-00A0C91BC942}") = "BitwiseOperator", "BitwiseOperator.vcxproj", "{39F18AFA-B276-3B90-8ABA-7AF49B569C2B}"
	ProjectSection(ProjectDependencies) = postProject
		{BE5FE543-B3E6-3575-91CC-E249DC66623D} = {BE5FE543-B3E6-3575-91CC-E249DC66623D}
	EndProjectSection
EndProject
Project("{8BC9CEB8-8B4A-11D0-8D11-00A0C91BC942}") = "ZERO_CHECK", "ZERO_CHECK.vcxproj", "{BE5FE543-B3E6-3575-91CC-E249DC66623D}"
	ProjectSection(ProjectDependencies) = postProject
	EndProjectSection
EndProject
Global
	GlobalSection(SolutionConfigurationPlatforms) = preSolution
		Debug|x64 = Debug|x64
		Release|x64 = Release|x64
		MinSizeRel|x64 = MinSizeRel|x64
		RelWithDebInfo|x64 = RelWithDebInfo|x64
	EndGlobalSection
	GlobalSection(ProjectConfigurationPlatforms) = postSolution
		{15FDB089-8F5F-3AE6-98BE-EF9D442F102B}.Debug|x64.ActiveCfg = Debug|x64
		{15FDB089-8F5F-3AE6-98BE-EF9D442F102B}.Release|x64.ActiveCfg = Release|x64
		{15FDB089-8F5F-3AE6-98BE-EF9D442F102B}.MinSizeRel|x64.ActiveCfg = MinSizeRel|x64
		{15FDB089-8F5F-3AE6-98BE-EF9D442F102B}.RelWithDebInfo|x64.ActiveCfg = RelWithDebInfo|x64
		{39F18AFA-B276-3B90-8ABA-7AF49B569C2B}.Debug|x64.ActiveCfg = Debug|x64
		{39F18AFA-B276-3B90-8ABA-7AF49B569C2B}.Debug|x64.Build.0 = Debug|x64
		{39F18AFA-B276-3B90-8ABA-7AF49B569C2B}.Release|x64.ActiveCfg = Release|x64
		{39F18AFA-B276-3B90-8ABA-7AF49B569C2B}.Release|x64.Build.0 = Release|x64
		{39F18AFA-B276-3B90-8ABA-7AF49B569C2B}.MinSizeRel|x64.ActiveCfg = MinSizeRel|x64
		{39F18AFA-B276-3B90-8ABA-7AF49B569C2B}.MinSizeRel|x64.Build.0 = MinSizeRel|x64
		{39F18AFA-B276-3B90-8ABA-7AF49B569C2B}.RelWithDebInfo|x64.ActiveCfg = RelWithDebInfo|x64
		{39F18AFA-B276-3B90-8ABA-7AF49B569C2B}.RelWithDebInfo|x64.Build.0 = RelWithDebInfo|x64
		{BE5FE543-B3E6-3575-91CC-E249DC66623D}.Debug|x64.ActiveCfg = Debug|x64
		{BE5FE543-B3E6-3575-91CC-E249DC66623D}.Debug|x64.Build.0 = Debug|x64
		{BE5FE543-B3E6-3575-91CC-E249DC66623D}.Release|x64.ActiveCfg = Release|x64
		{BE5FE543-B3E6-3575-91CC-E249DC66623D}.Release|x64.Build.0 = Release|x64
		{BE5FE543-B3E6-3575-91CC-E249DC66623D}.MinSizeRel|x64.ActiveCfg = MinSizeRel|x64
		{BE5FE543-B3E6-3575-91CC-E249DC66623D}.MinSizeRel|x64.Build.0 = MinSizeRel|x64
		{BE5FE543-B3E6-3575-91CC-E249DC66623D}.RelWithDebInfo|x64.ActiveCfg = RelWithDebInfo|x64
		{BE5FE543-B3E6-3575-91CC-E249DC66623D}.RelWithDebInfo|x64.Build.0 = RelWithDebInfo|x64
	EndGlobalSection
	GlobalSection(ExtensibilityGlobals) = postSolution
		SolutionGuid = {6A4AA396-DD3A-3A14-8F97-456BC80C4E35}
	EndGlobalSection
	GlobalSection(ExtensibilityAddIns) = postSolution
	EndGlobalSection
EndGlobal
