
Microsoft Visual Studio Solution File, Format Version 12.00
# Visual Studio Version 17
Project("{8BC9CEB8-8B4A-11D0-8D11-00A0C91BC942}") = "ALL_BUILD", "ALL_BUILD.vcxproj", "{2F270469-EA54-30B1-A2BB-87BF65A4AB5A}"
	ProjectSection(ProjectDependencies) = postProject
		{4BCC321A-8E71-3574-9B0B-682A9B4EAE95} = {4BCC321A-8E71-3574-9B0B-682A9B4EAE95}
		{C582699A-27BC-3508-87F6-79549CC64888} = {C582699A-27BC-3508-87F6-79549CC64888}
	EndProjectSection
EndProject
Project("{8BC9CEB8-8B4A-11D0-8D11-00A0C91BC942}") = "OverloadedNewDelete", "OverloadedNewDelete.vcxproj", "{4BCC321A-8E71-3574-9B0B-682A9B4EAE95}"
	ProjectSection(ProjectDependencies) = postProject
		{C582699A-27BC-3508-87F6-79549CC64888} = {C582699A-27BC-3508-87F6-79549CC64888}
	EndProjectSection
EndProject
Project("{8BC9CEB8-8B4A-11D0-8D11-00A0C91BC942}") = "ZERO_CHECK", "ZERO_CHECK.vcxproj", "{C582699A-27BC-3508-87F6-79549CC64888}"
	ProjectSection(ProjectDependencies) = postProject
	EndProjectSection
EndProject
Global
	GlobalSection(SolutionConfigurationPlatforms) = preSolution
		Debug|x64 = Debug|x64
		Release|x64 = Release|x64
		MinSizeRel|x64 = MinSizeRel|x64
		RelWithDebInfo|x64 = RelWithDebInfo|x64
	EndGlobalSection
	GlobalSection(ProjectConfigurationPlatforms) = postSolution
		{2F270469-EA54-30B1-A2BB-87BF65A4AB5A}.Debug|x64.ActiveCfg = Debug|x64
		{2F270469-EA54-30B1-A2BB-87BF65A4AB5A}.Release|x64.ActiveCfg = Release|x64
		{2F270469-EA54-30B1-A2BB-87BF65A4AB5A}.MinSizeRel|x64.ActiveCfg = MinSizeRel|x64
		{2F270469-EA54-30B1-A2BB-87BF65A4AB5A}.RelWithDebInfo|x64.ActiveCfg = RelWithDebInfo|x64
		{4BCC321A-8E71-3574-9B0B-682A9B4EAE95}.Debug|x64.ActiveCfg = Debug|x64
		{4BCC321A-8E71-3574-9B0B-682A9B4EAE95}.Debug|x64.Build.0 = Debug|x64
		{4BCC321A-8E71-3574-9B0B-682A9B4EAE95}.Release|x64.ActiveCfg = Release|x64
		{4BCC321A-8E71-3574-9B0B-682A9B4EAE95}.Release|x64.Build.0 = Release|x64
		{4BCC321A-8E71-3574-9B0B-682A9B4EAE95}.MinSizeRel|x64.ActiveCfg = MinSizeRel|x64
		{4BCC321A-8E71-3574-9B0B-682A9B4EAE95}.MinSizeRel|x64.Build.0 = MinSizeRel|x64
		{4BCC321A-8E71-3574-9B0B-682A9B4EAE95}.RelWithDebInfo|x64.ActiveCfg = RelWithDebInfo|x64
		{4BCC321A-8E71-3574-9B0B-682A9B4EAE95}.RelWithDebInfo|x64.Build.0 = RelWithDebInfo|x64
		{C582699A-27BC-3508-87F6-79549CC64888}.Debug|x64.ActiveCfg = Debug|x64
		{C582699A-27BC-3508-87F6-79549CC64888}.Debug|x64.Build.0 = Debug|x64
		{C582699A-27BC-3508-87F6-79549CC64888}.Release|x64.ActiveCfg = Release|x64
		{C582699A-27BC-3508-87F6-79549CC64888}.Release|x64.Build.0 = Release|x64
		{C582699A-27BC-3508-87F6-79549CC64888}.MinSizeRel|x64.ActiveCfg = MinSizeRel|x64
		{C582699A-27BC-3508-87F6-79549CC64888}.MinSizeRel|x64.Build.0 = MinSizeRel|x64
		{C582699A-27BC-3508-87F6-79549CC64888}.RelWithDebInfo|x64.ActiveCfg = RelWithDebInfo|x64
		{C582699A-27BC-3508-87F6-79549CC64888}.RelWithDebInfo|x64.Build.0 = RelWithDebInfo|x64
	EndGlobalSection
	GlobalSection(ExtensibilityGlobals) = postSolution
		SolutionGuid = {AF84346C-C062-30E3-A1FC-132E72A13A93}
	EndGlobalSection
	GlobalSection(ExtensibilityAddIns) = postSolution
	EndGlobalSection
EndGlobal
